
Microsoft Visual Studio Solution File, Format Version 12.00
# Visual Studio Version 16
VisualStudioVersion = 16.0.31515.178
MinimumVisualStudioVersion = 10.0.40219.1
Project("{FAE04EC0-301F-11D3-BF4B-00C04F79EFBC}") = "Freezer", "Freezer.csproj", "{50B5ADCE-13C6-4814-9203-83214953059C}"
EndProject
Global
	GlobalSection(SolutionConfigurationPlatforms) = preSolution
		Debug|Any CPU = Debug|Any CPU
		Release|Any CPU = Release|Any CPU
	EndGlobalSection
	GlobalSection(ProjectConfigurationPlatforms) = postSolution
		{50B5ADCE-13C6-4814-9203-83214953059C}.Debug|Any CPU.ActiveCfg = Debug|Any CPU
		{50B5ADCE-13C6-4814-9203-83214953059C}.Debug|Any CPU.Build.0 = Debug|Any CPU
		{50B5ADCE-13C6-4814-9203-83214953059C}.Release|Any CPU.ActiveCfg = Release|Any CPU
		{50B5ADCE-13C6-4814-9203-83214953059C}.Release|Any CPU.Build.0 = Release|Any CPU
	EndGlobalSection
	GlobalSection(SolutionProperties) = preSolution
		HideSolutionNode = FALSE
	EndGlobalSection
	GlobalSection(ExtensibilityGlobals) = postSolution
		SolutionGuid = {B932C9A5-2E1A-476B-936B-91534D6A6AD6}
	EndGlobalSection
EndGlobal
